
Microsoft Visual Studio Solution File, Format Version 12.00
# Visual Studio Version 16
VisualStudioVersion = 16.0.29905.134
MinimumVisualStudioVersion = 10.0.40219.1
Project("{FAE04EC0-301F-11D3-BF4B-00C04F79EFBC}") = "COVID19Tracker.UWP", "COVID19Tracker\COVID19Tracker.UWP\COVID19Tracker.UWP.csproj", "{1F4270E8-EDDD-49A0-8739-F47D7DFE7CDB}"
EndProject
Project("{FAE04EC0-301F-11D3-BF4B-00C04F79EFBC}") = "COVID19Tracker.Android", "COVID19Tracker\COVID19Tracker.Android\COVID19Tracker.Android.csproj", "{5952A147-AFB0-4184-A4C3-EF99850CC1A1}"
EndProject
Project("{FAE04EC0-301F-11D3-BF4B-00C04F79EFBC}") = "COVID19Tracker.iOS", "COVID19Tracker\COVID19Tracker.iOS\COVID19Tracker.iOS.csproj", "{47F8CBBD-50B9-4C26-A0CC-0D1D42FD2FAA}"
EndProject
Project("{FAE04EC0-301F-11D3-BF4B-00C04F79EFBC}") = "COVID19Tracker", "COVID19Tracker\COVID19Tracker\COVID19Tracker.csproj", "{10879DBD-21BB-4D46-A681-DCD3A13A702C}"
EndProject
Global
	GlobalSection(SolutionConfigurationPlatforms) = preSolution
		Debug|Any CPU = Debug|Any CPU
		Debug|ARM = Debug|ARM
		Debug|iPhone = Debug|iPhone
		Debug|iPhoneSimulator = Debug|iPhoneSimulator
		Debug|x64 = Debug|x64
		Debug|x86 = Debug|x86
		Release|Any CPU = Release|Any CPU
		Release|ARM = Release|ARM
		Release|iPhone = Release|iPhone
		Release|iPhoneSimulator = Release|iPhoneSimulator
		Release|x64 = Release|x64
		Release|x86 = Release|x86
	EndGlobalSection
	GlobalSection(ProjectConfigurationPlatforms) = postSolution
		{1F4270E8-EDDD-49A0-8739-F47D7DFE7CDB}.Debug|Any CPU.ActiveCfg = Debug|x86
		{1F4270E8-EDDD-49A0-8739-F47D7DFE7CDB}.Debug|Any CPU.Build.0 = Debug|x86
		{1F4270E8-EDDD-49A0-8739-F47D7DFE7CDB}.Debug|Any CPU.Deploy.0 = Debug|x86
		{1F4270E8-EDDD-49A0-8739-F47D7DFE7CDB}.Debug|ARM.ActiveCfg = Debug|ARM
		{1F4270E8-EDDD-49A0-8739-F47D7DFE7CDB}.Debug|ARM.Build.0 = Debug|ARM
		{1F4270E8-EDDD-49A0-8739-F47D7DFE7CDB}.Debug|ARM.Deploy.0 = Debug|ARM
		{1F4270E8-EDDD-49A0-8739-F47D7DFE7CDB}.Debug|iPhone.ActiveCfg = Debug|x86
		{1F4270E8-EDDD-49A0-8739-F47D7DFE7CDB}.Debug|iPhone.Build.0 = Debug|x86
		{1F4270E8-EDDD-49A0-8739-F47D7DFE7CDB}.Debug|iPhone.Deploy.0 = Debug|x86
		{1F4270E8-EDDD-49A0-8739-F47D7DFE7CDB}.Debug|iPhoneSimulator.ActiveCfg = Debug|x86
		{1F4270E8-EDDD-49A0-8739-F47D7DFE7CDB}.Debug|iPhoneSimulator.Build.0 = Debug|x86
		{1F4270E8-EDDD-49A0-8739-F47D7DFE7CDB}.Debug|iPhoneSimulator.Deploy.0 = Debug|x86
		{1F4270E8-EDDD-49A0-8739-F47D7DFE7CDB}.Debug|x64.ActiveCfg = Debug|x64
		{1F4270E8-EDDD-49A0-8739-F47D7DFE7CDB}.Debug|x64.Build.0 = Debug|x64
		{1F4270E8-EDDD-49A0-8739-F47D7DFE7CDB}.Debug|x64.Deploy.0 = Debug|x64
		{1F4270E8-EDDD-49A0-8739-F47D7DFE7CDB}.Debug|x86.ActiveCfg = Debug|x86
		{1F4270E8-EDDD-49A0-8739-F47D7DFE7CDB}.Debug|x86.Build.0 = Debug|x86
		{1F4270E8-EDDD-49A0-8739-F47D7DFE7CDB}.Debug|x86.Deploy.0 = Debug|x86
		{1F4270E8-EDDD-49A0-8739-F47D7DFE7CDB}.Release|Any CPU.ActiveCfg = Release|x86
		{1F4270E8-EDDD-49A0-8739-F47D7DFE7CDB}.Release|Any CPU.Build.0 = Release|x86
		{1F4270E8-EDDD-49A0-8739-F47D7DFE7CDB}.Release|Any CPU.Deploy.0 = Release|x86
		{1F4270E8-EDDD-49A0-8739-F47D7DFE7CDB}.Release|ARM.ActiveCfg = Release|ARM
		{1F4270E8-EDDD-49A0-8739-F47D7DFE7CDB}.Release|ARM.Build.0 = Release|ARM
		{1F4270E8-EDDD-49A0-8739-F47D7DFE7CDB}.Release|ARM.Deploy.0 = Release|ARM
		{1F4270E8-EDDD-49A0-8739-F47D7DFE7CDB}.Release|iPhone.ActiveCfg = Release|x86
		{1F4270E8-EDDD-49A0-8739-F47D7DFE7CDB}.Release|iPhone.Build.0 = Release|x86
		{1F4270E8-EDDD-49A0-8739-F47D7DFE7CDB}.Release|iPhone.Deploy.0 = Release|x86
		{1F4270E8-EDDD-49A0-8739-F47D7DFE7CDB}.Release|iPhoneSimulator.ActiveCfg = Release|x86
		{1F4270E8-EDDD-49A0-8739-F47D7DFE7CDB}.Release|iPhoneSimulator.Build.0 = Release|x86
		{1F4270E8-EDDD-49A0-8739-F47D7DFE7CDB}.Release|iPhoneSimulator.Deploy.0 = Release|x86
		{1F4270E8-EDDD-49A0-8739-F47D7DFE7CDB}.Release|x64.ActiveCfg = Release|x64
		{1F4270E8-EDDD-49A0-8739-F47D7DFE7CDB}.Release|x64.Build.0 = Release|x64
		{1F4270E8-EDDD-49A0-8739-F47D7DFE7CDB}.Release|x64.Deploy.0 = Release|x64
		{1F4270E8-EDDD-49A0-8739-F47D7DFE7CDB}.Release|x86.ActiveCfg = Release|x86
		{1F4270E8-EDDD-49A0-8739-F47D7DFE7CDB}.Release|x86.Build.0 = Release|x86
		{1F4270E8-EDDD-49A0-8739-F47D7DFE7CDB}.Release|x86.Deploy.0 = Release|x86
		{5952A147-AFB0-4184-A4C3-EF99850CC1A1}.Debug|Any CPU.ActiveCfg = Debug|Any CPU
		{5952A147-AFB0-4184-A4C3-EF99850CC1A1}.Debug|Any CPU.Build.0 = Debug|Any CPU
		{5952A147-AFB0-4184-A4C3-EF99850CC1A1}.Debug|Any CPU.Deploy.0 = Debug|Any CPU
		{5952A147-AFB0-4184-A4C3-EF99850CC1A1}.Debug|ARM.ActiveCfg = Debug|Any CPU
		{5952A147-AFB0-4184-A4C3-EF99850CC1A1}.Debug|ARM.Build.0 = Debug|Any CPU
		{5952A147-AFB0-4184-A4C3-EF99850CC1A1}.Debug|ARM.Deploy.0 = Debug|Any CPU
		{5952A147-AFB0-4184-A4C3-EF99850CC1A1}.Debug|iPhone.ActiveCfg = Debug|Any CPU
		{5952A147-AFB0-4184-A4C3-EF99850CC1A1}.Debug|iPhone.Build.0 = Debug|Any CPU
		{5952A147-AFB0-4184-A4C3-EF99850CC1A1}.Debug|iPhone.Deploy.0 = Debug|Any CPU
		{5952A147-AFB0-4184-A4C3-EF99850CC1A1}.Debug|iPhoneSimulator.ActiveCfg = Debug|Any CPU
		{5952A147-AFB0-4184-A4C3-EF99850CC1A1}.Debug|iPhoneSimulator.Build.0 = Debug|Any CPU
		{5952A147-AFB0-4184-A4C3-EF99850CC1A1}.Debug|iPhoneSimulator.Deploy.0 = Debug|Any CPU
		{5952A147-AFB0-4184-A4C3-EF99850CC1A1}.Debug|x64.ActiveCfg = Debug|Any CPU
		{5952A147-AFB0-4184-A4C3-EF99850CC1A1}.Debug|x64.Build.0 = Debug|Any CPU
		{5952A147-AFB0-4184-A4C3-EF99850CC1A1}.Debug|x64.Deploy.0 = Debug|Any CPU
		{5952A147-AFB0-4184-A4C3-EF99850CC1A1}.Debug|x86.ActiveCfg = Debug|Any CPU
		{5952A147-AFB0-4184-A4C3-EF99850CC1A1}.Debug|x86.Build.0 = Debug|Any CPU
		{5952A147-AFB0-4184-A4C3-EF99850CC1A1}.Debug|x86.Deploy.0 = Debug|Any CPU
		{5952A147-AFB0-4184-A4C3-EF99850CC1A1}.Release|Any CPU.ActiveCfg = Release|Any CPU
		{5952A147-AFB0-4184-A4C3-EF99850CC1A1}.Release|Any CPU.Build.0 = Release|Any CPU
		{5952A147-AFB0-4184-A4C3-EF99850CC1A1}.Release|Any CPU.Deploy.0 = Release|Any CPU
		{5952A147-AFB0-4184-A4C3-EF99850CC1A1}.Release|ARM.ActiveCfg = Release|Any CPU
		{5952A147-AFB0-4184-A4C3-EF99850CC1A1}.Release|ARM.Build.0 = Release|Any CPU
		{5952A147-AFB0-4184-A4C3-EF99850CC1A1}.Release|ARM.Deploy.0 = Release|Any CPU
		{5952A147-AFB0-4184-A4C3-EF99850CC1A1}.Release|iPhone.ActiveCfg = Release|Any CPU
		{5952A147-AFB0-4184-A4C3-EF99850CC1A1}.Release|iPhone.Build.0 = Release|Any CPU
		{5952A147-AFB0-4184-A4C3-EF99850CC1A1}.Release|iPhone.Deploy.0 = Release|Any CPU
		{5952A147-AFB0-4184-A4C3-EF99850CC1A1}.Release|iPhoneSimulator.ActiveCfg = Release|Any CPU
		{5952A147-AFB0-4184-A4C3-EF99850CC1A1}.Release|iPhoneSimulator.Build.0 = Release|Any CPU
		{5952A147-AFB0-4184-A4C3-EF99850CC1A1}.Release|iPhoneSimulator.Deploy.0 = Release|Any CPU
		{5952A147-AFB0-4184-A4C3-EF99850CC1A1}.Release|x64.ActiveCfg = Release|Any CPU
		{5952A147-AFB0-4184-A4C3-EF99850CC1A1}.Release|x64.Build.0 = Release|Any CPU
		{5952A147-AFB0-4184-A4C3-EF99850CC1A1}.Release|x64.Deploy.0 = Release|Any CPU
		{5952A147-AFB0-4184-A4C3-EF99850CC1A1}.Release|x86.ActiveCfg = Release|Any CPU
		{5952A147-AFB0-4184-A4C3-EF99850CC1A1}.Release|x86.Build.0 = Release|Any CPU
		{5952A147-AFB0-4184-A4C3-EF99850CC1A1}.Release|x86.Deploy.0 = Release|Any CPU
		{47F8CBBD-50B9-4C26-A0CC-0D1D42FD2FAA}.Debug|Any CPU.ActiveCfg = Debug|iPhone
		{47F8CBBD-50B9-4C26-A0CC-0D1D42FD2FAA}.Debug|Any CPU.Build.0 = Debug|iPhone
		{47F8CBBD-50B9-4C26-A0CC-0D1D42FD2FAA}.Debug|Any CPU.Deploy.0 = Debug|iPhone
		{47F8CBBD-50B9-4C26-A0CC-0D1D42FD2FAA}.Debug|ARM.ActiveCfg = Debug|iPhoneSimulator
		{47F8CBBD-50B9-4C26-A0CC-0D1D42FD2FAA}.Debug|ARM.Build.0 = Debug|iPhoneSimulator
		{47F8CBBD-50B9-4C26-A0CC-0D1D42FD2FAA}.Debug|ARM.Deploy.0 = Debug|iPhoneSimulator
		{47F8CBBD-50B9-4C26-A0CC-0D1D42FD2FAA}.Debug|iPhone.ActiveCfg = Debug|iPhone
		{47F8CBBD-50B9-4C26-A0CC-0D1D42FD2FAA}.Debug|iPhone.Build.0 = Debug|iPhone
		{47F8CBBD-50B9-4C26-A0CC-0D1D42FD2FAA}.Debug|iPhone.Deploy.0 = Debug|iPhone
		{47F8CBBD-50B9-4C26-A0CC-0D1D42FD2FAA}.Debug|iPhoneSimulator.ActiveCfg = Debug|iPhoneSimulator
		{47F8CBBD-50B9-4C26-A0CC-0D1D42FD2FAA}.Debug|iPhoneSimulator.Build.0 = Debug|iPhoneSimulator
		{47F8CBBD-50B9-4C26-A0CC-0D1D42FD2FAA}.Debug|iPhoneSimulator.Deploy.0 = Debug|iPhoneSimulator
		{47F8CBBD-50B9-4C26-A0CC-0D1D42FD2FAA}.Debug|x64.ActiveCfg = Debug|iPhone
		{47F8CBBD-50B9-4C26-A0CC-0D1D42FD2FAA}.Debug|x64.Build.0 = Debug|iPhone
		{47F8CBBD-50B9-4C26-A0CC-0D1D42FD2FAA}.Debug|x64.Deploy.0 = Debug|iPhone
		{47F8CBBD-50B9-4C26-A0CC-0D1D42FD2FAA}.Debug|x86.ActiveCfg = Debug|iPhone
		{47F8CBBD-50B9-4C26-A0CC-0D1D42FD2FAA}.Debug|x86.Build.0 = Debug|iPhone
		{47F8CBBD-50B9-4C26-A0CC-0D1D42FD2FAA}.Debug|x86.Deploy.0 = Debug|iPhone
		{47F8CBBD-50B9-4C26-A0CC-0D1D42FD2FAA}.Release|Any CPU.ActiveCfg = Release|iPhone
		{47F8CBBD-50B9-4C26-A0CC-0D1D42FD2FAA}.Release|Any CPU.Build.0 = Release|iPhone
		{47F8CBBD-50B9-4C26-A0CC-0D1D42FD2FAA}.Release|Any CPU.Deploy.0 = Release|iPhone
		{47F8CBBD-50B9-4C26-A0CC-0D1D42FD2FAA}.Release|ARM.ActiveCfg = Release|iPhone
		{47F8CBBD-50B9-4C26-A0CC-0D1D42FD2FAA}.Release|ARM.Build.0 = Release|iPhone
		{47F8CBBD-50B9-4C26-A0CC-0D1D42FD2FAA}.Release|ARM.Deploy.0 = Release|iPhone
		{47F8CBBD-50B9-4C26-A0CC-0D1D42FD2FAA}.Release|iPhone.ActiveCfg = Release|iPhone
		{47F8CBBD-50B9-4C26-A0CC-0D1D42FD2FAA}.Release|iPhone.Build.0 = Release|iPhone
		{47F8CBBD-50B9-4C26-A0CC-0D1D42FD2FAA}.Release|iPhone.Deploy.0 = Release|iPhone
		{47F8CBBD-50B9-4C26-A0CC-0D1D42FD2FAA}.Release|iPhoneSimulator.ActiveCfg = Release|iPhoneSimulator
		{47F8CBBD-50B9-4C26-A0CC-0D1D42FD2FAA}.Release|iPhoneSimulator.Build.0 = Release|iPhoneSimulator
		{47F8CBBD-50B9-4C26-A0CC-0D1D42FD2FAA}.Release|iPhoneSimulator.Deploy.0 = Release|iPhoneSimulator
		{47F8CBBD-50B9-4C26-A0CC-0D1D42FD2FAA}.Release|x64.ActiveCfg = Release|iPhone
		{47F8CBBD-50B9-4C26-A0CC-0D1D42FD2FAA}.Release|x64.Build.0 = Release|iPhone
		{47F8CBBD-50B9-4C26-A0CC-0D1D42FD2FAA}.Release|x64.Deploy.0 = Release|iPhone
		{47F8CBBD-50B9-4C26-A0CC-0D1D42FD2FAA}.Release|x86.ActiveCfg = Release|iPhone
		{47F8CBBD-50B9-4C26-A0CC-0D1D42FD2FAA}.Release|x86.Build.0 = Release|iPhone
		{47F8CBBD-50B9-4C26-A0CC-0D1D42FD2FAA}.Release|x86.Deploy.0 = Release|iPhone
		{10879DBD-21BB-4D46-A681-DCD3A13A702C}.Debug|Any CPU.ActiveCfg = Debug|Any CPU
		{10879DBD-21BB-4D46-A681-DCD3A13A702C}.Debug|Any CPU.Build.0 = Debug|Any CPU
		{10879DBD-21BB-4D46-A681-DCD3A13A702C}.Debug|Any CPU.Deploy.0 = Debug|Any CPU
		{10879DBD-21BB-4D46-A681-DCD3A13A702C}.Debug|ARM.ActiveCfg = Debug|Any CPU
		{10879DBD-21BB-4D46-A681-DCD3A13A702C}.Debug|ARM.Build.0 = Debug|Any CPU
		{10879DBD-21BB-4D46-A681-DCD3A13A702C}.Debug|ARM.Deploy.0 = Debug|Any CPU
		{10879DBD-21BB-4D46-A681-DCD3A13A702C}.Debug|iPhone.ActiveCfg = Debug|Any CPU
		{10879DBD-21BB-4D46-A681-DCD3A13A702C}.Debug|iPhone.Build.0 = Debug|Any CPU
		{10879DBD-21BB-4D46-A681-DCD3A13A702C}.Debug|iPhone.Deploy.0 = Debug|Any CPU
		{10879DBD-21BB-4D46-A681-DCD3A13A702C}.Debug|iPhoneSimulator.ActiveCfg = Debug|Any CPU
		{10879DBD-21BB-4D46-A681-DCD3A13A702C}.Debug|iPhoneSimulator.Build.0 = Debug|Any CPU
		{10879DBD-21BB-4D46-A681-DCD3A13A702C}.Debug|iPhoneSimulator.Deploy.0 = Debug|Any CPU
		{10879DBD-21BB-4D46-A681-DCD3A13A702C}.Debug|x64.ActiveCfg = Debug|Any CPU
		{10879DBD-21BB-4D46-A681-DCD3A13A702C}.Debug|x64.Build.0 = Debug|Any CPU
		{10879DBD-21BB-4D46-A681-DCD3A13A702C}.Debug|x64.Deploy.0 = Debug|Any CPU
		{10879DBD-21BB-4D46-A681-DCD3A13A702C}.Debug|x86.ActiveCfg = Debug|Any CPU
		{10879DBD-21BB-4D46-A681-DCD3A13A702C}.Debug|x86.Build.0 = Debug|Any CPU
		{10879DBD-21BB-4D46-A681-DCD3A13A702C}.Debug|x86.Deploy.0 = Debug|Any CPU
		{10879DBD-21BB-4D46-A681-DCD3A13A702C}.Release|Any CPU.ActiveCfg = Release|Any CPU
		{10879DBD-21BB-4D46-A681-DCD3A13A702C}.Release|Any CPU.Build.0 = Release|Any CPU
		{10879DBD-21BB-4D46-A681-DCD3A13A702C}.Release|Any CPU.Deploy.0 = Release|Any CPU
		{10879DBD-21BB-4D46-A681-DCD3A13A702C}.Release|ARM.ActiveCfg = Release|Any CPU
		{10879DBD-21BB-4D46-A681-DCD3A13A702C}.Release|ARM.Build.0 = Release|Any CPU
		{10879DBD-21BB-4D46-A681-DCD3A13A702C}.Release|ARM.Deploy.0 = Release|Any CPU
		{10879DBD-21BB-4D46-A681-DCD3A13A702C}.Release|iPhone.ActiveCfg = Release|Any CPU
		{10879DBD-21BB-4D46-A681-DCD3A13A702C}.Release|iPhone.Build.0 = Release|Any CPU
		{10879DBD-21BB-4D46-A681-DCD3A13A702C}.Release|iPhone.Deploy.0 = Release|Any CPU
		{10879DBD-21BB-4D46-A681-DCD3A13A702C}.Release|iPhoneSimulator.ActiveCfg = Release|Any CPU
		{10879DBD-21BB-4D46-A681-DCD3A13A702C}.Release|iPhoneSimulator.Build.0 = Release|Any CPU
		{10879DBD-21BB-4D46-A681-DCD3A13A702C}.Release|iPhoneSimulator.Deploy.0 = Release|Any CPU
		{10879DBD-21BB-4D46-A681-DCD3A13A702C}.Release|x64.ActiveCfg = Release|Any CPU
		{10879DBD-21BB-4D46-A681-DCD3A13A702C}.Release|x64.Build.0 = Release|Any CPU
		{10879DBD-21BB-4D46-A681-DCD3A13A702C}.Release|x64.Deploy.0 = Release|Any CPU
		{10879DBD-21BB-4D46-A681-DCD3A13A702C}.Release|x86.ActiveCfg = Release|Any CPU
		{10879DBD-21BB-4D46-A681-DCD3A13A702C}.Release|x86.Build.0 = Release|Any CPU
		{10879DBD-21BB-4D46-A681-DCD3A13A702C}.Release|x86.Deploy.0 = Release|Any CPU
	EndGlobalSection
	GlobalSection(SolutionProperties) = preSolution
		HideSolutionNode = FALSE
	EndGlobalSection
	GlobalSection(ExtensibilityGlobals) = postSolution
		SolutionGuid = {F66A70C2-1E4F-4FC5-8C55-BD5374E17E14}
	EndGlobalSection
EndGlobal
